
Microsoft Visual Studio Solution File, Format Version 12.00
# Visual Studio Version 16
VisualStudioVersion = 16.0.31105.61
MinimumVisualStudioVersion = 10.0.40219.1
Project("{9A19103F-16F7-4668-BE54-9A1E7A4F7556}") = "JewelryStoreApi", "src\JewelryStoreApi\JewelryStoreApi.csproj", "{D2B905DE-D71B-42FE-B605-3942A4640EC0}"
EndProject
Project("{FAE04EC0-301F-11D3-BF4B-00C04F79EFBC}") = "JewelryStoreApiTests", "test\JewelryStoreApiTests\JewelryStoreApiTests.csproj", "{EE5F3721-8A08-40FC-9E4C-F030FFD7B1AC}"
EndProject
Global
	GlobalSection(SolutionConfigurationPlatforms) = preSolution
		Debug|Any CPU = Debug|Any CPU
		Release|Any CPU = Release|Any CPU
	EndGlobalSection
	GlobalSection(ProjectConfigurationPlatforms) = postSolution
		{D2B905DE-D71B-42FE-B605-3942A4640EC0}.Debug|Any CPU.ActiveCfg = Debug|Any CPU
		{D2B905DE-D71B-42FE-B605-3942A4640EC0}.Debug|Any CPU.Build.0 = Debug|Any CPU
		{D2B905DE-D71B-42FE-B605-3942A4640EC0}.Release|Any CPU.ActiveCfg = Release|Any CPU
		{D2B905DE-D71B-42FE-B605-3942A4640EC0}.Release|Any CPU.Build.0 = Release|Any CPU
		{EE5F3721-8A08-40FC-9E4C-F030FFD7B1AC}.Debug|Any CPU.ActiveCfg = Debug|Any CPU
		{EE5F3721-8A08-40FC-9E4C-F030FFD7B1AC}.Debug|Any CPU.Build.0 = Debug|Any CPU
		{EE5F3721-8A08-40FC-9E4C-F030FFD7B1AC}.Release|Any CPU.ActiveCfg = Release|Any CPU
		{EE5F3721-8A08-40FC-9E4C-F030FFD7B1AC}.Release|Any CPU.Build.0 = Release|Any CPU
	EndGlobalSection
	GlobalSection(SolutionProperties) = preSolution
		HideSolutionNode = FALSE
	EndGlobalSection
	GlobalSection(ExtensibilityGlobals) = postSolution
		SolutionGuid = {DAE44713-2BAA-41BB-A78F-DC8E1AD17B88}
	EndGlobalSection
EndGlobal
